
Microsoft Visual Studio Solution File, Format Version 12.00
# Visual Studio Version 17
VisualStudioVersion = 17.13.35931.197 d17.13
MinimumVisualStudioVersion = 10.0.40219.1
Project("{54A90642-561A-4BB1-A94E-469ADEE60C69}") = "stockanalyzer", "StockAnalyzer\stockanalyzer.esproj", "{3A5E37FB-0A71-946B-5DA2-5B9C5C24E7D1}"
EndProject
Global
	GlobalSection(SolutionConfigurationPlatforms) = preSolution
		Debug|Any CPU = Debug|Any CPU
		Release|Any CPU = Release|Any CPU
	EndGlobalSection
	GlobalSection(ProjectConfigurationPlatforms) = postSolution
		{3A5E37FB-0A71-946B-5DA2-5B9C5C24E7D1}.Debug|Any CPU.ActiveCfg = Debug|Any CPU
		{3A5E37FB-0A71-946B-5DA2-5B9C5C24E7D1}.Debug|Any CPU.Build.0 = Debug|Any CPU
		{3A5E37FB-0A71-946B-5DA2-5B9C5C24E7D1}.Debug|Any CPU.Deploy.0 = Debug|Any CPU
		{3A5E37FB-0A71-946B-5DA2-5B9C5C24E7D1}.Release|Any CPU.ActiveCfg = Release|Any CPU
		{3A5E37FB-0A71-946B-5DA2-5B9C5C24E7D1}.Release|Any CPU.Build.0 = Release|Any CPU
		{3A5E37FB-0A71-946B-5DA2-5B9C5C24E7D1}.Release|Any CPU.Deploy.0 = Release|Any CPU
	EndGlobalSection
	GlobalSection(SolutionProperties) = preSolution
		HideSolutionNode = FALSE
	EndGlobalSection
	GlobalSection(ExtensibilityGlobals) = postSolution
		SolutionGuid = {FF39E5C0-DA0E-4D06-9E70-49C2649554ED}
	EndGlobalSection
EndGlobal
